
Microsoft Visual Studio Solution File, Format Version 12.00
# Visual Studio 15
VisualStudioVersion = 15.0.28307.271
MinimumVisualStudioVersion = 10.0.40219.1
Project("{FAE04EC0-301F-11D3-BF4B-00C04F79EFBC}") = "Organizasyon.UI", "Organizasyon\Organizasyon.UI.csproj", "{07BE21C6-0557-46A6-8CC1-473189E4F674}"
EndProject
Project("{FAE04EC0-301F-11D3-BF4B-00C04F79EFBC}") = "Organizasyon.DAL", "Organizasyon.DAL\Organizasyon.DAL.csproj", "{1B666128-1CB2-4955-9113-A4EA631AE2D6}"
EndProject
Project("{FAE04EC0-301F-11D3-BF4B-00C04F79EFBC}") = "Organizasyon.BLL", "Organizasyon.BLL\Organizasyon.BLL.csproj", "{1B704685-2E17-4A15-A3F7-726991A2F410}"
EndProject
Global
	GlobalSection(SolutionConfigurationPlatforms) = preSolution
		Debug|Any CPU = Debug|Any CPU
		Release|Any CPU = Release|Any CPU
	EndGlobalSection
	GlobalSection(ProjectConfigurationPlatforms) = postSolution
		{07BE21C6-0557-46A6-8CC1-473189E4F674}.Debug|Any CPU.ActiveCfg = Debug|Any CPU
		{07BE21C6-0557-46A6-8CC1-473189E4F674}.Debug|Any CPU.Build.0 = Debug|Any CPU
		{07BE21C6-0557-46A6-8CC1-473189E4F674}.Release|Any CPU.ActiveCfg = Release|Any CPU
		{07BE21C6-0557-46A6-8CC1-473189E4F674}.Release|Any CPU.Build.0 = Release|Any CPU
		{1B666128-1CB2-4955-9113-A4EA631AE2D6}.Debug|Any CPU.ActiveCfg = Debug|Any CPU
		{1B666128-1CB2-4955-9113-A4EA631AE2D6}.Debug|Any CPU.Build.0 = Debug|Any CPU
		{1B666128-1CB2-4955-9113-A4EA631AE2D6}.Release|Any CPU.ActiveCfg = Release|Any CPU
		{1B666128-1CB2-4955-9113-A4EA631AE2D6}.Release|Any CPU.Build.0 = Release|Any CPU
		{1B704685-2E17-4A15-A3F7-726991A2F410}.Debug|Any CPU.ActiveCfg = Debug|Any CPU
		{1B704685-2E17-4A15-A3F7-726991A2F410}.Debug|Any CPU.Build.0 = Debug|Any CPU
		{1B704685-2E17-4A15-A3F7-726991A2F410}.Release|Any CPU.ActiveCfg = Release|Any CPU
		{1B704685-2E17-4A15-A3F7-726991A2F410}.Release|Any CPU.Build.0 = Release|Any CPU
	EndGlobalSection
	GlobalSection(SolutionProperties) = preSolution
		HideSolutionNode = FALSE
	EndGlobalSection
	GlobalSection(ExtensibilityGlobals) = postSolution
		SolutionGuid = {9B045656-7CA6-478A-BBBD-CE655294EFBC}
	EndGlobalSection
EndGlobal
